{
  "object": {
    "pins": [
      {
        "package": "Core",
        "repositoryURL": "https://github.com/vapor/core.git",
        "state": {
          "branch": null,
          "revision": "57368d4092f92df3131e5968c8ed24a3c7361ec0",
          "version": "3.8.1"
        }
      },
      {
        "package": "Crypto",
        "repositoryURL": "https://github.com/vapor/crypto.git",
        "state": {
          "branch": null,
          "revision": "45bb12d13cdec80dbd1cc0685ea002e51ab83439",
          "version": "3.3.2"
        }
      },
      {
        "package": "HTTP",
        "repositoryURL": "https://github.com/vapor/http.git",
        "state": {
          "branch": null,
          "revision": "254a0a0cbf22a02b697a075a0d2ddbb448bb7c87",
          "version": "3.2.0"
        }
      },
      {
        "package": "Multipart",
        "repositoryURL": "https://github.com/vapor/multipart.git",
        "state": {
          "branch": null,
          "revision": "f919a01c4d10a281d6236a21b0b1d1759a72b8eb",
          "version": "3.0.4"
        }
      },
      {
        "package": "swift-log",
        "repositoryURL": "https://github.com/givip/swift-log.git",
        "state": {
          "branch": null,
          "revision": "17d1835dacbe467b48725d0bb903cca3542b539c",
          "version": "0.0.1"
        }
      },
      {
        "package": "swift-nio",
        "repositoryURL": "https://github.com/apple/swift-nio.git",
        "state": {
          "branch": null,
          "revision": "ba7970fe396e8198b84c6c1b44b38a1d4e2eb6bd",
          "version": "1.14.1"
        }
      },
      {
        "package": "swift-nio-ssl",
        "repositoryURL": "https://github.com/apple/swift-nio-ssl.git",
        "state": {
          "branch": null,
          "revision": "0f3999f3e3c359cc74480c292644c3419e44a12f",
          "version": "1.4.0"
        }
      },
      {
        "package": "swift-nio-ssl-support",
        "repositoryURL": "https://github.com/apple/swift-nio-ssl-support.git",
        "state": {
          "branch": null,
          "revision": "c02eec4e0e6d351cd092938cf44195a8e669f555",
          "version": "1.0.0"
        }
      },
      {
        "package": "swift-nio-zlib-support",
        "repositoryURL": "https://github.com/apple/swift-nio-zlib-support.git",
        "state": {
          "branch": null,
          "revision": "37760e9a52030bb9011972c5213c3350fa9d41fd",
          "version": "1.0.0"
        }
      },
      {
        "package": "Telegrammer",
        "repositoryURL": "https://github.com/givip/Telegrammer.git",
        "state": {
          "branch": null,
          "revision": "d4210b5f89e2b5561684e1c780cf5f545b086a92",
          "version": "0.5.3"
        }
      }
    ]
  },
  "version": 1
}
